// !$*UTF8*$!
{
	archiveVersion = 1;
	classes = {
	};
	objectVersion = 56;
	objects = {

/* Begin PBXBuildFile section */
		471145932A03B4F700AED0DC /* AppDelegate.swift in Sources */ = {isa = PBXBuildFile; fileRef = 471145922A03B4F700AED0DC /* AppDelegate.swift */; };
		471145952A03B4F700AED0DC /* SceneDelegate.swift in Sources */ = {isa = PBXBuildFile; fileRef = 471145942A03B4F700AED0DC /* SceneDelegate.swift */; };
		4711459C2A03B4F800AED0DC /* Assets.xcassets in Resources */ = {isa = PBXBuildFile; fileRef = 4711459B2A03B4F800AED0DC /* Assets.xcassets */; };
		4711459F2A03B4F800AED0DC /* LaunchScreen.storyboard in Resources */ = {isa = PBXBuildFile; fileRef = 4711459D2A03B4F800AED0DC /* LaunchScreen.storyboard */; };
		471145AC2A03B58700AED0DC /* Extensions.swift in Sources */ = {isa = PBXBuildFile; fileRef = 471145AB2A03B58700AED0DC /* Extensions.swift */; };
		471145AE2A03B59A00AED0DC /* LoginViewController.swift in Sources */ = {isa = PBXBuildFile; fileRef = 471145AD2A03B59A00AED0DC /* LoginViewController.swift */; };
		471145B02A03B5B700AED0DC /* SignUpViewController.swift in Sources */ = {isa = PBXBuildFile; fileRef = 471145AF2A03B5B700AED0DC /* SignUpViewController.swift */; };
		471145B22A0639FB00AED0DC /* UIColor.swift in Sources */ = {isa = PBXBuildFile; fileRef = 471145B12A0639FB00AED0DC /* UIColor.swift */; };
		471145B92A08E56800AED0DC /* AuthButton.swift in Sources */ = {isa = PBXBuildFile; fileRef = 471145B82A08E56800AED0DC /* AuthButton.swift */; };
		471145C82A0A244300AED0DC /* HomeViewController.swift in Sources */ = {isa = PBXBuildFile; fileRef = 471145C72A0A244300AED0DC /* HomeViewController.swift */; };
		471145CA2A0BB35600AED0DC /* LocationInputActivationView.swift in Sources */ = {isa = PBXBuildFile; fileRef = 471145C92A0BB35600AED0DC /* LocationInputActivationView.swift */; };
		471145CC2A0CE39F00AED0DC /* LocationInputView.swift in Sources */ = {isa = PBXBuildFile; fileRef = 471145CB2A0CE39F00AED0DC /* LocationInputView.swift */; };
		471145D22A0E3F0800AED0DC /* LocationCell.swift in Sources */ = {isa = PBXBuildFile; fileRef = 471145D12A0E3F0800AED0DC /* LocationCell.swift */; };
		471145D42A0E805C00AED0DC /* Service.swift in Sources */ = {isa = PBXBuildFile; fileRef = 471145D32A0E805C00AED0DC /* Service.swift */; };
		471145D62A0E87DB00AED0DC /* User.swift in Sources */ = {isa = PBXBuildFile; fileRef = 471145D52A0E87DB00AED0DC /* User.swift */; };
		471145D82A0F261500AED0DC /* LocationHandler.swift in Sources */ = {isa = PBXBuildFile; fileRef = 471145D72A0F261500AED0DC /* LocationHandler.swift */; };
		471145E22A111D7A00AED0DC /* DriverAnnotation.swift in Sources */ = {isa = PBXBuildFile; fileRef = 471145E12A111D7A00AED0DC /* DriverAnnotation.swift */; };
		472675F02A5D791100ABEEA5 /* ContainerViewController.swift in Sources */ = {isa = PBXBuildFile; fileRef = 472675EF2A5D791100ABEEA5 /* ContainerViewController.swift */; };
		478C9FF42A5F930C000FA196 /* MenuHeaderView.swift in Sources */ = {isa = PBXBuildFile; fileRef = 478C9FF32A5F930C000FA196 /* MenuHeaderView.swift */; };
		478C9FF62A60305D000FA196 /* MenuViewController.swift in Sources */ = {isa = PBXBuildFile; fileRef = 478C9FF52A60305D000FA196 /* MenuViewController.swift */; };
		478CA0082A6635D2000FA196 /* SettingsViewController.swift in Sources */ = {isa = PBXBuildFile; fileRef = 478CA0072A6635D2000FA196 /* SettingsViewController.swift */; };
		478CA00A2A6639DC000FA196 /* UserInfoHeaderView.swift in Sources */ = {isa = PBXBuildFile; fileRef = 478CA0092A6639DC000FA196 /* UserInfoHeaderView.swift */; };
		478CA00D2A699763000FA196 /* AddLocationViewController.swift in Sources */ = {isa = PBXBuildFile; fileRef = 478CA00C2A699763000FA196 /* AddLocationViewController.swift */; };
		47A272852A30B35D005D7E26 /* GoogleService-Info.plist in Resources */ = {isa = PBXBuildFile; fileRef = 47A272842A30B35D005D7E26 /* GoogleService-Info.plist */; };
		47CC89642A46C28E0020246E /* Trip.swift in Sources */ = {isa = PBXBuildFile; fileRef = 47CC89632A46C28E0020246E /* Trip.swift */; };
		47CC89662A492EBE0020246E /* PickupViewController.swift in Sources */ = {isa = PBXBuildFile; fileRef = 47CC89652A492EBE0020246E /* PickupViewController.swift */; };
		47D15CE02A3855C500B9CB85 /* RideActionView.swift in Sources */ = {isa = PBXBuildFile; fileRef = 47D15CDF2A3855C500B9CB85 /* RideActionView.swift */; };
		7B9033D1B383610E65AC69B5 /* Pods_UberClone.framework in Frameworks */ = {isa = PBXBuildFile; fileRef = AA91854FB07E6DC682D8F507 /* Pods_UberClone.framework */; };
/* End PBXBuildFile section */

/* Begin PBXFileReference section */
		4711458F2A03B4F700AED0DC /* UberClone.app */ = {isa = PBXFileReference; explicitFileType = wrapper.application; includeInIndex = 0; path = UberClone.app; sourceTree = BUILT_PRODUCTS_DIR; };
		471145922A03B4F700AED0DC /* AppDelegate.swift */ = {isa = PBXFileReference; lastKnownFileType = sourcecode.swift; path = AppDelegate.swift; sourceTree = "<group>"; };
		471145942A03B4F700AED0DC /* SceneDelegate.swift */ = {isa = PBXFileReference; lastKnownFileType = sourcecode.swift; path = SceneDelegate.swift; sourceTree = "<group>"; };
		4711459B2A03B4F800AED0DC /* Assets.xcassets */ = {isa = PBXFileReference; lastKnownFileType = folder.assetcatalog; path = Assets.xcassets; sourceTree = "<group>"; };
		4711459E2A03B4F800AED0DC /* Base */ = {isa = PBXFileReference; lastKnownFileType = file.storyboard; name = Base; path = Base.lproj/LaunchScreen.storyboard; sourceTree = "<group>"; };
		471145A02A03B4F800AED0DC /* Info.plist */ = {isa = PBXFileReference; lastKnownFileType = text.plist.xml; path = Info.plist; sourceTree = "<group>"; };
		471145AB2A03B58700AED0DC /* Extensions.swift */ = {isa = PBXFileReference; lastKnownFileType = sourcecode.swift; path = Extensions.swift; sourceTree = "<group>"; };
		471145AD2A03B59A00AED0DC /* LoginViewController.swift */ = {isa = PBXFileReference; lastKnownFileType = sourcecode.swift; path = LoginViewController.swift; sourceTree = "<group>"; };
		471145AF2A03B5B700AED0DC /* SignUpViewController.swift */ = {isa = PBXFileReference; lastKnownFileType = sourcecode.swift; path = SignUpViewController.swift; sourceTree = "<group>"; };
		471145B12A0639FB00AED0DC /* UIColor.swift */ = {isa = PBXFileReference; lastKnownFileType = sourcecode.swift; path = UIColor.swift; sourceTree = "<group>"; };
		471145B82A08E56800AED0DC /* AuthButton.swift */ = {isa = PBXFileReference; lastKnownFileType = sourcecode.swift; path = AuthButton.swift; sourceTree = "<group>"; };
		471145C72A0A244300AED0DC /* HomeViewController.swift */ = {isa = PBXFileReference; lastKnownFileType = sourcecode.swift; path = HomeViewController.swift; sourceTree = "<group>"; };
		471145C92A0BB35600AED0DC /* LocationInputActivationView.swift */ = {isa = PBXFileReference; lastKnownFileType = sourcecode.swift; path = LocationInputActivationView.swift; sourceTree = "<group>"; };
		471145CB2A0CE39F00AED0DC /* LocationInputView.swift */ = {isa = PBXFileReference; lastKnownFileType = sourcecode.swift; path = LocationInputView.swift; sourceTree = "<group>"; };
		471145D12A0E3F0800AED0DC /* LocationCell.swift */ = {isa = PBXFileReference; lastKnownFileType = sourcecode.swift; path = LocationCell.swift; sourceTree = "<group>"; };
		471145D32A0E805C00AED0DC /* Service.swift */ = {isa = PBXFileReference; lastKnownFileType = sourcecode.swift; path = Service.swift; sourceTree = "<group>"; };
		471145D52A0E87DB00AED0DC /* User.swift */ = {isa = PBXFileReference; lastKnownFileType = sourcecode.swift; path = User.swift; sourceTree = "<group>"; };
		471145D72A0F261500AED0DC /* LocationHandler.swift */ = {isa = PBXFileReference; lastKnownFileType = sourcecode.swift; path = LocationHandler.swift; sourceTree = "<group>"; };
		471145E12A111D7A00AED0DC /* DriverAnnotation.swift */ = {isa = PBXFileReference; lastKnownFileType = sourcecode.swift; path = DriverAnnotation.swift; sourceTree = "<group>"; };
		472675EF2A5D791100ABEEA5 /* ContainerViewController.swift */ = {isa = PBXFileReference; lastKnownFileType = sourcecode.swift; path = ContainerViewController.swift; sourceTree = "<group>"; };
		478C9FF32A5F930C000FA196 /* MenuHeaderView.swift */ = {isa = PBXFileReference; lastKnownFileType = sourcecode.swift; path = MenuHeaderView.swift; sourceTree = "<group>"; };
		478C9FF52A60305D000FA196 /* MenuViewController.swift */ = {isa = PBXFileReference; lastKnownFileType = sourcecode.swift; path = MenuViewController.swift; sourceTree = "<group>"; };
		478CA0072A6635D2000FA196 /* SettingsViewController.swift */ = {isa = PBXFileReference; lastKnownFileType = sourcecode.swift; path = SettingsViewController.swift; sourceTree = "<group>"; };
		478CA0092A6639DC000FA196 /* UserInfoHeaderView.swift */ = {isa = PBXFileReference; lastKnownFileType = sourcecode.swift; path = UserInfoHeaderView.swift; sourceTree = "<group>"; };
		478CA00C2A699763000FA196 /* AddLocationViewController.swift */ = {isa = PBXFileReference; lastKnownFileType = sourcecode.swift; path = AddLocationViewController.swift; sourceTree = "<group>"; };
		47A272842A30B35D005D7E26 /* GoogleService-Info.plist */ = {isa = PBXFileReference; fileEncoding = 4; lastKnownFileType = text.plist.xml; path = "GoogleService-Info.plist"; sourceTree = "<group>"; };
		47CC89632A46C28E0020246E /* Trip.swift */ = {isa = PBXFileReference; lastKnownFileType = sourcecode.swift; path = Trip.swift; sourceTree = "<group>"; };
		47CC89652A492EBE0020246E /* PickupViewController.swift */ = {isa = PBXFileReference; lastKnownFileType = sourcecode.swift; path = PickupViewController.swift; sourceTree = "<group>"; };
		47D15CDF2A3855C500B9CB85 /* RideActionView.swift */ = {isa = PBXFileReference; lastKnownFileType = sourcecode.swift; path = RideActionView.swift; sourceTree = "<group>"; };
		7CFA2342FFA59FB6F7328F38 /* Pods-UberClone.release.xcconfig */ = {isa = PBXFileReference; includeInIndex = 1; lastKnownFileType = text.xcconfig; name = "Pods-UberClone.release.xcconfig"; path = "Target Support Files/Pods-UberClone/Pods-UberClone.release.xcconfig"; sourceTree = "<group>"; };
		A61B4C08B8E8CD6D78A59CCD /* Pods-UberClone.debug.xcconfig */ = {isa = PBXFileReference; includeInIndex = 1; lastKnownFileType = text.xcconfig; name = "Pods-UberClone.debug.xcconfig"; path = "Target Support Files/Pods-UberClone/Pods-UberClone.debug.xcconfig"; sourceTree = "<group>"; };
		AA91854FB07E6DC682D8F507 /* Pods_UberClone.framework */ = {isa = PBXFileReference; explicitFileType = wrapper.framework; includeInIndex = 0; path = Pods_UberClone.framework; sourceTree = BUILT_PRODUCTS_DIR; };
/* End PBXFileReference section */

/* Begin PBXFrameworksBuildPhase section */
		4711458C2A03B4F700AED0DC /* Frameworks */ = {
			isa = PBXFrameworksBuildPhase;
			buildActionMask = 2147483647;
			files = (
				7B9033D1B383610E65AC69B5 /* Pods_UberClone.framework in Frameworks */,
			);
			runOnlyForDeploymentPostprocessing = 0;
		};
/* End PBXFrameworksBuildPhase section */

/* Begin PBXGroup section */
		092FDDCF0CF14AE92A31AF2C /* Pods */ = {
			isa = PBXGroup;
			children = (
				A61B4C08B8E8CD6D78A59CCD /* Pods-UberClone.debug.xcconfig */,
				7CFA2342FFA59FB6F7328F38 /* Pods-UberClone.release.xcconfig */,
			);
			path = Pods;
			sourceTree = "<group>";
		};
		28D4C7591DDA87CAE8F63FC4 /* Frameworks */ = {
			isa = PBXGroup;
			children = (
				AA91854FB07E6DC682D8F507 /* Pods_UberClone.framework */,
			);
			name = Frameworks;
			sourceTree = "<group>";
		};
		471145862A03B4F700AED0DC = {
			isa = PBXGroup;
			children = (
				471145912A03B4F700AED0DC /* UberClone */,
				471145902A03B4F700AED0DC /* Products */,
				092FDDCF0CF14AE92A31AF2C /* Pods */,
				28D4C7591DDA87CAE8F63FC4 /* Frameworks */,
			);
			sourceTree = "<group>";
		};
		471145902A03B4F700AED0DC /* Products */ = {
			isa = PBXGroup;
			children = (
				4711458F2A03B4F700AED0DC /* UberClone.app */,
			);
			name = Products;
			sourceTree = "<group>";
		};
		471145912A03B4F700AED0DC /* UberClone */ = {
			isa = PBXGroup;
			children = (
				471145AA2A03B52100AED0DC /* Model */,
				471145A92A03B51900AED0DC /* View */,
				471145A82A03B50F00AED0DC /* ViewController */,
				471145A72A03B50600AED0DC /* Services */,
				471145A62A03B4FF00AED0DC /* Utils */,
				471145922A03B4F700AED0DC /* AppDelegate.swift */,
				471145942A03B4F700AED0DC /* SceneDelegate.swift */,
				4711459B2A03B4F800AED0DC /* Assets.xcassets */,
				4711459D2A03B4F800AED0DC /* LaunchScreen.storyboard */,
				47A272842A30B35D005D7E26 /* GoogleService-Info.plist */,
				471145A02A03B4F800AED0DC /* Info.plist */,
			);
			path = UberClone;
			sourceTree = "<group>";
		};
		471145A62A03B4FF00AED0DC /* Utils */ = {
			isa = PBXGroup;
			children = (
				471145AB2A03B58700AED0DC /* Extensions.swift */,
				471145B12A0639FB00AED0DC /* UIColor.swift */,
				471145D72A0F261500AED0DC /* LocationHandler.swift */,
			);
			path = Utils;
			sourceTree = "<group>";
		};
		471145A72A03B50600AED0DC /* Services */ = {
			isa = PBXGroup;
			children = (
				471145D32A0E805C00AED0DC /* Service.swift */,
			);
			path = Services;
			sourceTree = "<group>";
		};
		471145A82A03B50F00AED0DC /* ViewController */ = {
			isa = PBXGroup;
			children = (
				478CA00B2A69974D000FA196 /* Settings */,
				472675EC2A5D78C900ABEEA5 /* SideMenu */,
				472675EB2A5D788C00ABEEA5 /* Auth */,
				471145C72A0A244300AED0DC /* HomeViewController.swift */,
				47CC89652A492EBE0020246E /* PickupViewController.swift */,
			);
			path = ViewController;
			sourceTree = "<group>";
		};
		471145A92A03B51900AED0DC /* View */ = {
			isa = PBXGroup;
			children = (
				471145D12A0E3F0800AED0DC /* LocationCell.swift */,
				471145B82A08E56800AED0DC /* AuthButton.swift */,
				471145C92A0BB35600AED0DC /* LocationInputActivationView.swift */,
				471145CB2A0CE39F00AED0DC /* LocationInputView.swift */,
				47D15CDF2A3855C500B9CB85 /* RideActionView.swift */,
				478C9FF32A5F930C000FA196 /* MenuHeaderView.swift */,
				478CA0092A6639DC000FA196 /* UserInfoHeaderView.swift */,
			);
			path = View;
			sourceTree = "<group>";
		};
		471145AA2A03B52100AED0DC /* Model */ = {
			isa = PBXGroup;
			children = (
				471145D52A0E87DB00AED0DC /* User.swift */,
				471145E12A111D7A00AED0DC /* DriverAnnotation.swift */,
				47CC89632A46C28E0020246E /* Trip.swift */,
			);
			path = Model;
			sourceTree = "<group>";
		};
		472675EB2A5D788C00ABEEA5 /* Auth */ = {
			isa = PBXGroup;
			children = (
				471145AD2A03B59A00AED0DC /* LoginViewController.swift */,
				471145AF2A03B5B700AED0DC /* SignUpViewController.swift */,
			);
			path = Auth;
			sourceTree = "<group>";
		};
		472675EC2A5D78C900ABEEA5 /* SideMenu */ = {
			isa = PBXGroup;
			children = (
				472675EF2A5D791100ABEEA5 /* ContainerViewController.swift */,
				478C9FF52A60305D000FA196 /* MenuViewController.swift */,
			);
			path = SideMenu;
			sourceTree = "<group>";
		};
		478CA00B2A69974D000FA196 /* Settings */ = {
			isa = PBXGroup;
			children = (
				478CA0072A6635D2000FA196 /* SettingsViewController.swift */,
				478CA00C2A699763000FA196 /* AddLocationViewController.swift */,
			);
			path = Settings;
			sourceTree = "<group>";
		};
/* End PBXGroup section */

/* Begin PBXNativeTarget section */
		4711458E2A03B4F700AED0DC /* UberClone */ = {
			isa = PBXNativeTarget;
			buildConfigurationList = 471145A32A03B4F800AED0DC /* Build configuration list for PBXNativeTarget "UberClone" */;
			buildPhases = (
				5280E29A20DE73857CCB3786 /* [CP] Check Pods Manifest.lock */,
				4711458B2A03B4F700AED0DC /* Sources */,
				4711458C2A03B4F700AED0DC /* Frameworks */,
				4711458D2A03B4F700AED0DC /* Resources */,
				3C443EC4ABDA489A22DC78DE /* [CP] Embed Pods Frameworks */,
			);
			buildRules = (
			);
			dependencies = (
			);
			name = UberClone;
			productName = UberClone;
			productReference = 4711458F2A03B4F700AED0DC /* UberClone.app */;
			productType = "com.apple.product-type.application";
		};
/* End PBXNativeTarget section */

/* Begin PBXProject section */
		471145872A03B4F700AED0DC /* Project object */ = {
			isa = PBXProject;
			attributes = {
				BuildIndependentTargetsInParallel = 1;
				LastSwiftUpdateCheck = 1420;
				LastUpgradeCheck = 1420;
				TargetAttributes = {
					4711458E2A03B4F700AED0DC = {
						CreatedOnToolsVersion = 14.2;
					};
				};
			};
			buildConfigurationList = 4711458A2A03B4F700AED0DC /* Build configuration list for PBXProject "UberClone" */;
			compatibilityVersion = "Xcode 14.0";
			developmentRegion = en;
			hasScannedForEncodings = 0;
			knownRegions = (
				en,
				Base,
			);
			mainGroup = 471145862A03B4F700AED0DC;
			productRefGroup = 471145902A03B4F700AED0DC /* Products */;
			projectDirPath = "";
			projectRoot = "";
			targets = (
				4711458E2A03B4F700AED0DC /* UberClone */,
			);
		};
/* End PBXProject section */

/* Begin PBXResourcesBuildPhase section */
		4711458D2A03B4F700AED0DC /* Resources */ = {
			isa = PBXResourcesBuildPhase;
			buildActionMask = 2147483647;
			files = (
				4711459F2A03B4F800AED0DC /* LaunchScreen.storyboard in Resources */,
				4711459C2A03B4F800AED0DC /* Assets.xcassets in Resources */,
				47A272852A30B35D005D7E26 /* GoogleService-Info.plist in Resources */,
			);
			runOnlyForDeploymentPostprocessing = 0;
		};
/* End PBXResourcesBuildPhase section */

/* Begin PBXShellScriptBuildPhase section */
		3C443EC4ABDA489A22DC78DE /* [CP] Embed Pods Frameworks */ = {
			isa = PBXShellScriptBuildPhase;
			buildActionMask = 2147483647;
			files = (
			);
			inputFileListPaths = (
				"${PODS_ROOT}/Target Support Files/Pods-UberClone/Pods-UberClone-frameworks-${CONFIGURATION}-input-files.xcfilelist",
			);
			name = "[CP] Embed Pods Frameworks";
			outputFileListPaths = (
				"${PODS_ROOT}/Target Support Files/Pods-UberClone/Pods-UberClone-frameworks-${CONFIGURATION}-output-files.xcfilelist",
			);
			runOnlyForDeploymentPostprocessing = 0;
			shellPath = /bin/sh;
			shellScript = "\"${PODS_ROOT}/Target Support Files/Pods-UberClone/Pods-UberClone-frameworks.sh\"\n";
			showEnvVarsInLog = 0;
		};
		5280E29A20DE73857CCB3786 /* [CP] Check Pods Manifest.lock */ = {
			isa = PBXShellScriptBuildPhase;
			buildActionMask = 2147483647;
			files = (
			);
			inputFileListPaths = (
			);
			inputPaths = (
				"${PODS_PODFILE_DIR_PATH}/Podfile.lock",
				"${PODS_ROOT}/Manifest.lock",
			);
			name = "[CP] Check Pods Manifest.lock";
			outputFileListPaths = (
			);
			outputPaths = (
				"$(DERIVED_FILE_DIR)/Pods-UberClone-checkManifestLockResult.txt",
			);
			runOnlyForDeploymentPostprocessing = 0;
			shellPath = /bin/sh;
			shellScript = "diff \"${PODS_PODFILE_DIR_PATH}/Podfile.lock\" \"${PODS_ROOT}/Manifest.lock\" > /dev/null\nif [ $? != 0 ] ; then\n    # print error to STDERR\n    echo \"error: The sandbox is not in sync with the Podfile.lock. Run 'pod install' or update your CocoaPods installation.\" >&2\n    exit 1\nfi\n# This output is used by Xcode 'outputs' to avoid re-running this script phase.\necho \"SUCCESS\" > \"${SCRIPT_OUTPUT_FILE_0}\"\n";
			showEnvVarsInLog = 0;
		};
/* End PBXShellScriptBuildPhase section */

/* Begin PBXSourcesBuildPhase section */
		4711458B2A03B4F700AED0DC /* Sources */ = {
			isa = PBXSourcesBuildPhase;
			buildActionMask = 2147483647;
			files = (
				471145D62A0E87DB00AED0DC /* User.swift in Sources */,
				471145AE2A03B59A00AED0DC /* LoginViewController.swift in Sources */,
				472675F02A5D791100ABEEA5 /* ContainerViewController.swift in Sources */,
				471145B92A08E56800AED0DC /* AuthButton.swift in Sources */,
				471145B22A0639FB00AED0DC /* UIColor.swift in Sources */,
				471145E22A111D7A00AED0DC /* DriverAnnotation.swift in Sources */,
				471145C82A0A244300AED0DC /* HomeViewController.swift in Sources */,
				478CA00A2A6639DC000FA196 /* UserInfoHeaderView.swift in Sources */,
				471145D82A0F261500AED0DC /* LocationHandler.swift in Sources */,
				471145CC2A0CE39F00AED0DC /* LocationInputView.swift in Sources */,
				471145D42A0E805C00AED0DC /* Service.swift in Sources */,
				478C9FF62A60305D000FA196 /* MenuViewController.swift in Sources */,
				471145CA2A0BB35600AED0DC /* LocationInputActivationView.swift in Sources */,
				478C9FF42A5F930C000FA196 /* MenuHeaderView.swift in Sources */,
				478CA0082A6635D2000FA196 /* SettingsViewController.swift in Sources */,
				471145932A03B4F700AED0DC /* AppDelegate.swift in Sources */,
				471145AC2A03B58700AED0DC /* Extensions.swift in Sources */,
				47CC89662A492EBE0020246E /* PickupViewController.swift in Sources */,
				47D15CE02A3855C500B9CB85 /* RideActionView.swift in Sources */,
				478CA00D2A699763000FA196 /* AddLocationViewController.swift in Sources */,
				471145952A03B4F700AED0DC /* SceneDelegate.swift in Sources */,
				471145B02A03B5B700AED0DC /* SignUpViewController.swift in Sources */,
				47CC89642A46C28E0020246E /* Trip.swift in Sources */,
				471145D22A0E3F0800AED0DC /* LocationCell.swift in Sources */,
			);
			runOnlyForDeploymentPostprocessing = 0;
		};
/* End PBXSourcesBuildPhase section */

/* Begin PBXVariantGroup section */
		4711459D2A03B4F800AED0DC /* LaunchScreen.storyboard */ = {
			isa = PBXVariantGroup;
			children = (
				4711459E2A03B4F800AED0DC /* Base */,
			);
			name = LaunchScreen.storyboard;
			sourceTree = "<group>";
		};
/* End PBXVariantGroup section */

/* Begin XCBuildConfiguration section */
		471145A12A03B4F800AED0DC /* Debug */ = {
			isa = XCBuildConfiguration;
			buildSettings = {
				ALWAYS_SEARCH_USER_PATHS = NO;
				CLANG_ANALYZER_NONNULL = YES;
				CLANG_ANALYZER_NUMBER_OBJECT_CONVERSION = YES_AGGRESSIVE;
				CLANG_CXX_LANGUAGE_STANDARD = "gnu++20";
				CLANG_ENABLE_MODULES = YES;
				CLANG_ENABLE_OBJC_ARC = YES;
				CLANG_ENABLE_OBJC_WEAK = YES;
				CLANG_WARN_BLOCK_CAPTURE_AUTORELEASING = YES;
				CLANG_WARN_BOOL_CONVERSION = YES;
				CLANG_WARN_COMMA = YES;
				CLANG_WARN_CONSTANT_CONVERSION = YES;
				CLANG_WARN_DEPRECATED_OBJC_IMPLEMENTATIONS = YES;
				CLANG_WARN_DIRECT_OBJC_ISA_USAGE = YES_ERROR;
				CLANG_WARN_DOCUMENTATION_COMMENTS = YES;
				CLANG_WARN_EMPTY_BODY = YES;
				CLANG_WARN_ENUM_CONVERSION = YES;
				CLANG_WARN_INFINITE_RECURSION = YES;
				CLANG_WARN_INT_CONVERSION = YES;
				CLANG_WARN_NON_LITERAL_NULL_CONVERSION = YES;
				CLANG_WARN_OBJC_IMPLICIT_RETAIN_SELF = YES;
				CLANG_WARN_OBJC_LITERAL_CONVERSION = YES;
				CLANG_WARN_OBJC_ROOT_CLASS = YES_ERROR;
				CLANG_WARN_QUOTED_INCLUDE_IN_FRAMEWORK_HEADER = YES;
				CLANG_WARN_RANGE_LOOP_ANALYSIS = YES;
				CLANG_WARN_STRICT_PROTOTYPES = YES;
				CLANG_WARN_SUSPICIOUS_MOVE = YES;
				CLANG_WARN_UNGUARDED_AVAILABILITY = YES_AGGRESSIVE;
				CLANG_WARN_UNREACHABLE_CODE = YES;
				CLANG_WARN__DUPLICATE_METHOD_MATCH = YES;
				COPY_PHASE_STRIP = NO;
				DEBUG_INFORMATION_FORMAT = dwarf;
				ENABLE_STRICT_OBJC_MSGSEND = YES;
				ENABLE_TESTABILITY = YES;
				GCC_C_LANGUAGE_STANDARD = gnu11;
				GCC_DYNAMIC_NO_PIC = NO;
				GCC_NO_COMMON_BLOCKS = YES;
				GCC_OPTIMIZATION_LEVEL = 0;
				GCC_PREPROCESSOR_DEFINITIONS = (
					"DEBUG=1",
					"$(inherited)",
				);
				GCC_WARN_64_TO_32_BIT_CONVERSION = YES;
				GCC_WARN_ABOUT_RETURN_TYPE = YES_ERROR;
				GCC_WARN_UNDECLARED_SELECTOR = YES;
				GCC_WARN_UNINITIALIZED_AUTOS = YES_AGGRESSIVE;
				GCC_WARN_UNUSED_FUNCTION = YES;
				GCC_WARN_UNUSED_VARIABLE = YES;
				IPHONEOS_DEPLOYMENT_TARGET = 16.2;
				MTL_ENABLE_DEBUG_INFO = INCLUDE_SOURCE;
				MTL_FAST_MATH = YES;
				ONLY_ACTIVE_ARCH = YES;
				SDKROOT = iphoneos;
				SWIFT_ACTIVE_COMPILATION_CONDITIONS = DEBUG;
				SWIFT_OPTIMIZATION_LEVEL = "-Onone";
			};
			name = Debug;
		};
		471145A22A03B4F800AED0DC /* Release */ = {
			isa = XCBuildConfiguration;
			buildSettings = {
				ALWAYS_SEARCH_USER_PATHS = NO;
				CLANG_ANALYZER_NONNULL = YES;
				CLANG_ANALYZER_NUMBER_OBJECT_CONVERSION = YES_AGGRESSIVE;
				CLANG_CXX_LANGUAGE_STANDARD = "gnu++20";
				CLANG_ENABLE_MODULES = YES;
				CLANG_ENABLE_OBJC_ARC = YES;
				CLANG_ENABLE_OBJC_WEAK = YES;
				CLANG_WARN_BLOCK_CAPTURE_AUTORELEASING = YES;
				CLANG_WARN_BOOL_CONVERSION = YES;
				CLANG_WARN_COMMA = YES;
				CLANG_WARN_CONSTANT_CONVERSION = YES;
				CLANG_WARN_DEPRECATED_OBJC_IMPLEMENTATIONS = YES;
				CLANG_WARN_DIRECT_OBJC_ISA_USAGE = YES_ERROR;
				CLANG_WARN_DOCUMENTATION_COMMENTS = YES;
				CLANG_WARN_EMPTY_BODY = YES;
				CLANG_WARN_ENUM_CONVERSION = YES;
				CLANG_WARN_INFINITE_RECURSION = YES;
				CLANG_WARN_INT_CONVERSION = YES;
				CLANG_WARN_NON_LITERAL_NULL_CONVERSION = YES;
				CLANG_WARN_OBJC_IMPLICIT_RETAIN_SELF = YES;
				CLANG_WARN_OBJC_LITERAL_CONVERSION = YES;
				CLANG_WARN_OBJC_ROOT_CLASS = YES_ERROR;
				CLANG_WARN_QUOTED_INCLUDE_IN_FRAMEWORK_HEADER = YES;
				CLANG_WARN_RANGE_LOOP_ANALYSIS = YES;
				CLANG_WARN_STRICT_PROTOTYPES = YES;
				CLANG_WARN_SUSPICIOUS_MOVE = YES;
				CLANG_WARN_UNGUARDED_AVAILABILITY = YES_AGGRESSIVE;
				CLANG_WARN_UNREACHABLE_CODE = YES;
				CLANG_WARN__DUPLICATE_METHOD_MATCH = YES;
				COPY_PHASE_STRIP = NO;
				DEBUG_INFORMATION_FORMAT = "dwarf-with-dsym";
				ENABLE_NS_ASSERTIONS = NO;
				ENABLE_STRICT_OBJC_MSGSEND = YES;
				GCC_C_LANGUAGE_STANDARD = gnu11;
				GCC_NO_COMMON_BLOCKS = YES;
				GCC_WARN_64_TO_32_BIT_CONVERSION = YES;
				GCC_WARN_ABOUT_RETURN_TYPE = YES_ERROR;
				GCC_WARN_UNDECLARED_SELECTOR = YES;
				GCC_WARN_UNINITIALIZED_AUTOS = YES_AGGRESSIVE;
				GCC_WARN_UNUSED_FUNCTION = YES;
				GCC_WARN_UNUSED_VARIABLE = YES;
				IPHONEOS_DEPLOYMENT_TARGET = 16.2;
				MTL_ENABLE_DEBUG_INFO = NO;
				MTL_FAST_MATH = YES;
				SDKROOT = iphoneos;
				SWIFT_COMPILATION_MODE = wholemodule;
				SWIFT_OPTIMIZATION_LEVEL = "-O";
				VALIDATE_PRODUCT = YES;
			};
			name = Release;
		};
		471145A42A03B4F800AED0DC /* Debug */ = {
			isa = XCBuildConfiguration;
			baseConfigurationReference = A61B4C08B8E8CD6D78A59CCD /* Pods-UberClone.debug.xcconfig */;
			buildSettings = {
				ASSETCATALOG_COMPILER_APPICON_NAME = AppIcon;
				ASSETCATALOG_COMPILER_GLOBAL_ACCENT_COLOR_NAME = AccentColor;
				CODE_SIGN_STYLE = Automatic;
				CURRENT_PROJECT_VERSION = 1;
				DEVELOPMENT_TEAM = F6SZ5LV55B;
				GENERATE_INFOPLIST_FILE = YES;
				INFOPLIST_FILE = UberClone/Info.plist;
				INFOPLIST_KEY_CFBundleDisplayName = UberClone;
				INFOPLIST_KEY_UIApplicationSupportsIndirectInputEvents = YES;
				INFOPLIST_KEY_UILaunchStoryboardName = LaunchScreen;
				INFOPLIST_KEY_UISupportedInterfaceOrientations_iPad = "UIInterfaceOrientationPortrait UIInterfaceOrientationPortraitUpsideDown UIInterfaceOrientationLandscapeLeft UIInterfaceOrientationLandscapeRight";
				INFOPLIST_KEY_UISupportedInterfaceOrientations_iPhone = "UIInterfaceOrientationPortrait UIInterfaceOrientationLandscapeLeft UIInterfaceOrientationLandscapeRight";
				IPHONEOS_DEPLOYMENT_TARGET = 16.2;
				LD_RUNPATH_SEARCH_PATHS = (
					"$(inherited)",
					"@executable_path/Frameworks",
				);
				MARKETING_VERSION = 1.0;
				PRODUCT_BUNDLE_IDENTIFIER = com.devjoonn.UberClone;
				PRODUCT_NAME = "$(TARGET_NAME)";
				SWIFT_EMIT_LOC_STRINGS = YES;
				SWIFT_VERSION = 5.0;
				TARGETED_DEVICE_FAMILY = "1,2";
			};
			name = Debug;
		};
		471145A52A03B4F800AED0DC /* Release */ = {
			isa = XCBuildConfiguration;
			baseConfigurationReference = 7CFA2342FFA59FB6F7328F38 /* Pods-UberClone.release.xcconfig */;
			buildSettings = {
				ASSETCATALOG_COMPILER_APPICON_NAME = AppIcon;
				ASSETCATALOG_COMPILER_GLOBAL_ACCENT_COLOR_NAME = AccentColor;
				CODE_SIGN_STYLE = Automatic;
				CURRENT_PROJECT_VERSION = 1;
				DEVELOPMENT_TEAM = F6SZ5LV55B;
				GENERATE_INFOPLIST_FILE = YES;
				INFOPLIST_FILE = UberClone/Info.plist;
				INFOPLIST_KEY_CFBundleDisplayName = UberClone;
				INFOPLIST_KEY_UIApplicationSupportsIndirectInputEvents = YES;
				INFOPLIST_KEY_UILaunchStoryboardName = LaunchScreen;
				INFOPLIST_KEY_UISupportedInterfaceOrientations_iPad = "UIInterfaceOrientationPortrait UIInterfaceOrientationPortraitUpsideDown UIInterfaceOrientationLandscapeLeft UIInterfaceOrientationLandscapeRight";
				INFOPLIST_KEY_UISupportedInterfaceOrientations_iPhone = "UIInterfaceOrientationPortrait UIInterfaceOrientationLandscapeLeft UIInterfaceOrientationLandscapeRight";
				IPHONEOS_DEPLOYMENT_TARGET = 16.2;
				LD_RUNPATH_SEARCH_PATHS = (
					"$(inherited)",
					"@executable_path/Frameworks",
				);
				MARKETING_VERSION = 1.0;
				PRODUCT_BUNDLE_IDENTIFIER = com.devjoonn.UberClone;
				PRODUCT_NAME = "$(TARGET_NAME)";
				SWIFT_EMIT_LOC_STRINGS = YES;
				SWIFT_VERSION = 5.0;
				TARGETED_DEVICE_FAMILY = "1,2";
			};
			name = Release;
		};
/* End XCBuildConfiguration section */

/* Begin XCConfigurationList section */
		4711458A2A03B4F700AED0DC /* Build configuration list for PBXProject "UberClone" */ = {
			isa = XCConfigurationList;
			buildConfigurations = (
				471145A12A03B4F800AED0DC /* Debug */,
				471145A22A03B4F800AED0DC /* Release */,
			);
			defaultConfigurationIsVisible = 0;
			defaultConfigurationName = Release;
		};
		471145A32A03B4F800AED0DC /* Build configuration list for PBXNativeTarget "UberClone" */ = {
			isa = XCConfigurationList;
			buildConfigurations = (
				471145A42A03B4F800AED0DC /* Debug */,
				471145A52A03B4F800AED0DC /* Release */,
			);
			defaultConfigurationIsVisible = 0;
			defaultConfigurationName = Release;
		};
/* End XCConfigurationList section */
	};
	rootObject = 471145872A03B4F700AED0DC /* Project object */;
}
